
Microsoft Visual Studio Solution File, Format Version 12.00
# Visual Studio Version 16
VisualStudioVersion = 16.0.29920.165
MinimumVisualStudioVersion = 10.0.40219.1
Project("{FAE04EC0-301F-11D3-BF4B-00C04F79EFBC}") = "Лр7", "Лр7\Лр7.csproj", "{B01ACF43-66E1-40E6-B7F3-ECB9BB23635C}"
EndProject
Global
	GlobalSection(SolutionConfigurationPlatforms) = preSolution
		Debug|Any CPU = Debug|Any CPU
		Release|Any CPU = Release|Any CPU
	EndGlobalSection
	GlobalSection(ProjectConfigurationPlatforms) = postSolution
		{B01ACF43-66E1-40E6-B7F3-ECB9BB23635C}.Debug|Any CPU.ActiveCfg = Debug|Any CPU
		{B01ACF43-66E1-40E6-B7F3-ECB9BB23635C}.Debug|Any CPU.Build.0 = Debug|Any CPU
		{B01ACF43-66E1-40E6-B7F3-ECB9BB23635C}.Release|Any CPU.ActiveCfg = Release|Any CPU
		{B01ACF43-66E1-40E6-B7F3-ECB9BB23635C}.Release|Any CPU.Build.0 = Release|Any CPU
	EndGlobalSection
	GlobalSection(SolutionProperties) = preSolution
		HideSolutionNode = FALSE
	EndGlobalSection
	GlobalSection(ExtensibilityGlobals) = postSolution
		SolutionGuid = {61433BAB-9C99-4381-AABC-19D4259EBF10}
	EndGlobalSection
EndGlobal
